// !$*UTF8*$!
{
	archiveVersion = 1;
	classes = {
	};
	objectVersion = 50;
	objects = {

/* Begin PBXBuildFile section */
		98CA0ABE80594FB3EF63BD03 /* Pods_GovernmentTravellerTests.framework in Frameworks */ = {isa = PBXBuildFile; fileRef = 3F4078B64BB3C5143F95A19B /* Pods_GovernmentTravellerTests.framework */; };
		A53A07FAFD16CADF4F07884D /* Pods_GovernmentTraveller.framework in Frameworks */ = {isa = PBXBuildFile; fileRef = 84508B515C33666D6E589DD1 /* Pods_GovernmentTraveller.framework */; };
		F678D72120FA551700B2770A /* AppDelegate.swift in Sources */ = {isa = PBXBuildFile; fileRef = F678D72020FA551700B2770A /* AppDelegate.swift */; };
		F678D72320FA551700B2770A /* FirstViewController.swift in Sources */ = {isa = PBXBuildFile; fileRef = F678D72220FA551700B2770A /* FirstViewController.swift */; };
		F678D72520FA551700B2770A /* SecondViewController.swift in Sources */ = {isa = PBXBuildFile; fileRef = F678D72420FA551700B2770A /* SecondViewController.swift */; };
		F678D72820FA551700B2770A /* Main.storyboard in Resources */ = {isa = PBXBuildFile; fileRef = F678D72620FA551700B2770A /* Main.storyboard */; };
		F678D72A20FA551A00B2770A /* Assets.xcassets in Resources */ = {isa = PBXBuildFile; fileRef = F678D72920FA551A00B2770A /* Assets.xcassets */; };
		F678D72D20FA551A00B2770A /* LaunchScreen.storyboard in Resources */ = {isa = PBXBuildFile; fileRef = F678D72B20FA551A00B2770A /* LaunchScreen.storyboard */; };
		F678D73820FA551A00B2770A /* GovernmentTravellerTests.swift in Sources */ = {isa = PBXBuildFile; fileRef = F678D73720FA551A00B2770A /* GovernmentTravellerTests.swift */; };
		F678D74320FA599B00B2770A /* GTMenuViewController.swift in Sources */ = {isa = PBXBuildFile; fileRef = F678D74220FA599B00B2770A /* GTMenuViewController.swift */; };
/* End PBXBuildFile section */

/* Begin PBXContainerItemProxy section */
		F678D73420FA551A00B2770A /* PBXContainerItemProxy */ = {
			isa = PBXContainerItemProxy;
			containerPortal = F678D71520FA551600B2770A /* Project object */;
			proxyType = 1;
			remoteGlobalIDString = F678D71C20FA551600B2770A;
			remoteInfo = GovernmentTraveller;
		};
/* End PBXContainerItemProxy section */

/* Begin PBXFileReference section */
		3DC9D3B6FE5CEFEC93979049 /* Pods-GovernmentTraveller.debug.xcconfig */ = {isa = PBXFileReference; includeInIndex = 1; lastKnownFileType = text.xcconfig; name = "Pods-GovernmentTraveller.debug.xcconfig"; path = "Pods/Target Support Files/Pods-GovernmentTraveller/Pods-GovernmentTraveller.debug.xcconfig"; sourceTree = "<group>"; };
		3F4078B64BB3C5143F95A19B /* Pods_GovernmentTravellerTests.framework */ = {isa = PBXFileReference; explicitFileType = wrapper.framework; includeInIndex = 0; path = Pods_GovernmentTravellerTests.framework; sourceTree = BUILT_PRODUCTS_DIR; };
		84508B515C33666D6E589DD1 /* Pods_GovernmentTraveller.framework */ = {isa = PBXFileReference; explicitFileType = wrapper.framework; includeInIndex = 0; path = Pods_GovernmentTraveller.framework; sourceTree = BUILT_PRODUCTS_DIR; };
		9FBDCB16E21EEA5BFC119AF3 /* Pods-GovernmentTravellerTests.debug.xcconfig */ = {isa = PBXFileReference; includeInIndex = 1; lastKnownFileType = text.xcconfig; name = "Pods-GovernmentTravellerTests.debug.xcconfig"; path = "Pods/Target Support Files/Pods-GovernmentTravellerTests/Pods-GovernmentTravellerTests.debug.xcconfig"; sourceTree = "<group>"; };
		BF15236FD0185862628CE99C /* Pods-GovernmentTraveller.release.xcconfig */ = {isa = PBXFileReference; includeInIndex = 1; lastKnownFileType = text.xcconfig; name = "Pods-GovernmentTraveller.release.xcconfig"; path = "Pods/Target Support Files/Pods-GovernmentTraveller/Pods-GovernmentTraveller.release.xcconfig"; sourceTree = "<group>"; };
		D9CFFC9A9868B91008746892 /* Pods-GovernmentTravellerTests.release.xcconfig */ = {isa = PBXFileReference; includeInIndex = 1; lastKnownFileType = text.xcconfig; name = "Pods-GovernmentTravellerTests.release.xcconfig"; path = "Pods/Target Support Files/Pods-GovernmentTravellerTests/Pods-GovernmentTravellerTests.release.xcconfig"; sourceTree = "<group>"; };
		F678D71D20FA551600B2770A /* GovernmentTraveller.app */ = {isa = PBXFileReference; explicitFileType = wrapper.application; includeInIndex = 0; path = GovernmentTraveller.app; sourceTree = BUILT_PRODUCTS_DIR; };
		F678D72020FA551700B2770A /* AppDelegate.swift */ = {isa = PBXFileReference; lastKnownFileType = sourcecode.swift; path = AppDelegate.swift; sourceTree = "<group>"; };
		F678D72220FA551700B2770A /* FirstViewController.swift */ = {isa = PBXFileReference; lastKnownFileType = sourcecode.swift; path = FirstViewController.swift; sourceTree = "<group>"; };
		F678D72420FA551700B2770A /* SecondViewController.swift */ = {isa = PBXFileReference; lastKnownFileType = sourcecode.swift; path = SecondViewController.swift; sourceTree = "<group>"; };
		F678D72720FA551700B2770A /* Base */ = {isa = PBXFileReference; lastKnownFileType = file.storyboard; name = Base; path = Base.lproj/Main.storyboard; sourceTree = "<group>"; };
		F678D72920FA551A00B2770A /* Assets.xcassets */ = {isa = PBXFileReference; lastKnownFileType = folder.assetcatalog; path = Assets.xcassets; sourceTree = "<group>"; };
		F678D72C20FA551A00B2770A /* Base */ = {isa = PBXFileReference; lastKnownFileType = file.storyboard; name = Base; path = Base.lproj/LaunchScreen.storyboard; sourceTree = "<group>"; };
		F678D72E20FA551A00B2770A /* Info.plist */ = {isa = PBXFileReference; lastKnownFileType = text.plist.xml; path = Info.plist; sourceTree = "<group>"; };
		F678D73320FA551A00B2770A /* GovernmentTravellerTests.xctest */ = {isa = PBXFileReference; explicitFileType = wrapper.cfbundle; includeInIndex = 0; path = GovernmentTravellerTests.xctest; sourceTree = BUILT_PRODUCTS_DIR; };
		F678D73720FA551A00B2770A /* GovernmentTravellerTests.swift */ = {isa = PBXFileReference; lastKnownFileType = sourcecode.swift; path = GovernmentTravellerTests.swift; sourceTree = "<group>"; };
		F678D73920FA551A00B2770A /* Info.plist */ = {isa = PBXFileReference; lastKnownFileType = text.plist.xml; path = Info.plist; sourceTree = "<group>"; };
		F678D74220FA599B00B2770A /* GTMenuViewController.swift */ = {isa = PBXFileReference; lastKnownFileType = sourcecode.swift; path = GTMenuViewController.swift; sourceTree = "<group>"; };
/* End PBXFileReference section */

/* Begin PBXFrameworksBuildPhase section */
		F678D71A20FA551600B2770A /* Frameworks */ = {
			isa = PBXFrameworksBuildPhase;
			buildActionMask = 2147483647;
			files = (
				A53A07FAFD16CADF4F07884D /* Pods_GovernmentTraveller.framework in Frameworks */,
			);
			runOnlyForDeploymentPostprocessing = 0;
		};
		F678D73020FA551A00B2770A /* Frameworks */ = {
			isa = PBXFrameworksBuildPhase;
			buildActionMask = 2147483647;
			files = (
				98CA0ABE80594FB3EF63BD03 /* Pods_GovernmentTravellerTests.framework in Frameworks */,
			);
			runOnlyForDeploymentPostprocessing = 0;
		};
/* End PBXFrameworksBuildPhase section */

/* Begin PBXGroup section */
		09D782C5F22763E516F44542 /* Frameworks */ = {
			isa = PBXGroup;
			children = (
				84508B515C33666D6E589DD1 /* Pods_GovernmentTraveller.framework */,
				3F4078B64BB3C5143F95A19B /* Pods_GovernmentTravellerTests.framework */,
			);
			name = Frameworks;
			sourceTree = "<group>";
		};
		ED0E0819E3725F995E50FE39 /* Pods */ = {
			isa = PBXGroup;
			children = (
				3DC9D3B6FE5CEFEC93979049 /* Pods-GovernmentTraveller.debug.xcconfig */,
				BF15236FD0185862628CE99C /* Pods-GovernmentTraveller.release.xcconfig */,
				9FBDCB16E21EEA5BFC119AF3 /* Pods-GovernmentTravellerTests.debug.xcconfig */,
				D9CFFC9A9868B91008746892 /* Pods-GovernmentTravellerTests.release.xcconfig */,
			);
			name = Pods;
			sourceTree = "<group>";
		};
		F678D71420FA551600B2770A = {
			isa = PBXGroup;
			children = (
				F678D71F20FA551600B2770A /* GovernmentTraveller */,
				F678D73620FA551A00B2770A /* GovernmentTravellerTests */,
				F678D71E20FA551600B2770A /* Products */,
				ED0E0819E3725F995E50FE39 /* Pods */,
				09D782C5F22763E516F44542 /* Frameworks */,
			);
			sourceTree = "<group>";
		};
		F678D71E20FA551600B2770A /* Products */ = {
			isa = PBXGroup;
			children = (
				F678D71D20FA551600B2770A /* GovernmentTraveller.app */,
				F678D73320FA551A00B2770A /* GovernmentTravellerTests.xctest */,
			);
			name = Products;
			sourceTree = "<group>";
		};
		F678D71F20FA551600B2770A /* GovernmentTraveller */ = {
			isa = PBXGroup;
			children = (
				F678D72020FA551700B2770A /* AppDelegate.swift */,
				F678D72220FA551700B2770A /* FirstViewController.swift */,
				F678D72420FA551700B2770A /* SecondViewController.swift */,
				F678D74220FA599B00B2770A /* GTMenuViewController.swift */,
				F678D72620FA551700B2770A /* Main.storyboard */,
				F678D72920FA551A00B2770A /* Assets.xcassets */,
				F678D72B20FA551A00B2770A /* LaunchScreen.storyboard */,
				F678D72E20FA551A00B2770A /* Info.plist */,
			);
			path = GovernmentTraveller;
			sourceTree = "<group>";
		};
		F678D73620FA551A00B2770A /* GovernmentTravellerTests */ = {
			isa = PBXGroup;
			children = (
				F678D73720FA551A00B2770A /* GovernmentTravellerTests.swift */,
				F678D73920FA551A00B2770A /* Info.plist */,
			);
			path = GovernmentTravellerTests;
			sourceTree = "<group>";
		};
/* End PBXGroup section */

/* Begin PBXNativeTarget section */
		F678D71C20FA551600B2770A /* GovernmentTraveller */ = {
			isa = PBXNativeTarget;
			buildConfigurationList = F678D73C20FA551A00B2770A /* Build configuration list for PBXNativeTarget "GovernmentTraveller" */;
			buildPhases = (
				F654F1ABEA4100CD36F11D40 /* [CP] Check Pods Manifest.lock */,
				F678D71920FA551600B2770A /* Sources */,
				F678D71A20FA551600B2770A /* Frameworks */,
				F678D71B20FA551600B2770A /* Resources */,
				2048DC5F030E92FCBD3F2F65 /* [CP] Embed Pods Frameworks */,
			);
			buildRules = (
			);
			dependencies = (
			);
			name = GovernmentTraveller;
			productName = GovernmentTraveller;
			productReference = F678D71D20FA551600B2770A /* GovernmentTraveller.app */;
			productType = "com.apple.product-type.application";
		};
		F678D73220FA551A00B2770A /* GovernmentTravellerTests */ = {
			isa = PBXNativeTarget;
			buildConfigurationList = F678D73F20FA551A00B2770A /* Build configuration list for PBXNativeTarget "GovernmentTravellerTests" */;
			buildPhases = (
				E00504ACADC567D4531C4EEC /* [CP] Check Pods Manifest.lock */,
				F678D72F20FA551A00B2770A /* Sources */,
				F678D73020FA551A00B2770A /* Frameworks */,
				F678D73120FA551A00B2770A /* Resources */,
			);
			buildRules = (
			);
			dependencies = (
				F678D73520FA551A00B2770A /* PBXTargetDependency */,
			);
			name = GovernmentTravellerTests;
			productName = GovernmentTravellerTests;
			productReference = F678D73320FA551A00B2770A /* GovernmentTravellerTests.xctest */;
			productType = "com.apple.product-type.bundle.unit-test";
		};
/* End PBXNativeTarget section */

/* Begin PBXProject section */
		F678D71520FA551600B2770A /* Project object */ = {
			isa = PBXProject;
			attributes = {
				LastSwiftUpdateCheck = 0940;
				LastUpgradeCheck = 0940;
				ORGANIZATIONNAME = "Zero Mu, LLC";
				TargetAttributes = {
					F678D71C20FA551600B2770A = {
						CreatedOnToolsVersion = 9.4.1;
					};
					F678D73220FA551A00B2770A = {
						CreatedOnToolsVersion = 9.4.1;
						TestTargetID = F678D71C20FA551600B2770A;
					};
				};
			};
			buildConfigurationList = F678D71820FA551600B2770A /* Build configuration list for PBXProject "GovernmentTraveller" */;
			compatibilityVersion = "Xcode 9.3";
			developmentRegion = en;
			hasScannedForEncodings = 0;
			knownRegions = (
				en,
				Base,
			);
			mainGroup = F678D71420FA551600B2770A;
			productRefGroup = F678D71E20FA551600B2770A /* Products */;
			projectDirPath = "";
			projectRoot = "";
			targets = (
				F678D71C20FA551600B2770A /* GovernmentTraveller */,
				F678D73220FA551A00B2770A /* GovernmentTravellerTests */,
			);
		};
/* End PBXProject section */

/* Begin PBXResourcesBuildPhase section */
		F678D71B20FA551600B2770A /* Resources */ = {
			isa = PBXResourcesBuildPhase;
			buildActionMask = 2147483647;
			files = (
				F678D72D20FA551A00B2770A /* LaunchScreen.storyboard in Resources */,
				F678D72A20FA551A00B2770A /* Assets.xcassets in Resources */,
				F678D72820FA551700B2770A /* Main.storyboard in Resources */,
			);
			runOnlyForDeploymentPostprocessing = 0;
		};
		F678D73120FA551A00B2770A /* Resources */ = {
			isa = PBXResourcesBuildPhase;
			buildActionMask = 2147483647;
			files = (
			);
			runOnlyForDeploymentPostprocessing = 0;
		};
/* End PBXResourcesBuildPhase section */

/* Begin PBXShellScriptBuildPhase section */
		2048DC5F030E92FCBD3F2F65 /* [CP] Embed Pods Frameworks */ = {
			isa = PBXShellScriptBuildPhase;
			buildActionMask = 2147483647;
			files = (
			);
			inputPaths = (
				"${SRCROOT}/Pods/Target Support Files/Pods-GovernmentTraveller/Pods-GovernmentTraveller-frameworks.sh",
				"${BUILT_PRODUCTS_DIR}/GaugeKit/GaugeKit.framework",
				"${BUILT_PRODUCTS_DIR}/SideMenu/SideMenu.framework",
				"${BUILT_PRODUCTS_DIR}/ZMAppFoundation/ZMAppFoundation.framework",
			);
			name = "[CP] Embed Pods Frameworks";
			outputPaths = (
				"${TARGET_BUILD_DIR}/${FRAMEWORKS_FOLDER_PATH}/GaugeKit.framework",
				"${TARGET_BUILD_DIR}/${FRAMEWORKS_FOLDER_PATH}/SideMenu.framework",
				"${TARGET_BUILD_DIR}/${FRAMEWORKS_FOLDER_PATH}/ZMAppFoundation.framework",
			);
			runOnlyForDeploymentPostprocessing = 0;
			shellPath = /bin/sh;
			shellScript = "\"${SRCROOT}/Pods/Target Support Files/Pods-GovernmentTraveller/Pods-GovernmentTraveller-frameworks.sh\"\n";
			showEnvVarsInLog = 0;
		};
		E00504ACADC567D4531C4EEC /* [CP] Check Pods Manifest.lock */ = {
			isa = PBXShellScriptBuildPhase;
			buildActionMask = 2147483647;
			files = (
			);
			inputPaths = (
				"${PODS_PODFILE_DIR_PATH}/Podfile.lock",
				"${PODS_ROOT}/Manifest.lock",
			);
			name = "[CP] Check Pods Manifest.lock";
			outputPaths = (
				"$(DERIVED_FILE_DIR)/Pods-GovernmentTravellerTests-checkManifestLockResult.txt",
			);
			runOnlyForDeploymentPostprocessing = 0;
			shellPath = /bin/sh;
			shellScript = "diff \"${PODS_PODFILE_DIR_PATH}/Podfile.lock\" \"${PODS_ROOT}/Manifest.lock\" > /dev/null\nif [ $? != 0 ] ; then\n    # print error to STDERR\n    echo \"error: The sandbox is not in sync with the Podfile.lock. Run 'pod install' or update your CocoaPods installation.\" >&2\n    exit 1\nfi\n# This output is used by Xcode 'outputs' to avoid re-running this script phase.\necho \"SUCCESS\" > \"${SCRIPT_OUTPUT_FILE_0}\"\n";
			showEnvVarsInLog = 0;
		};
		F654F1ABEA4100CD36F11D40 /* [CP] Check Pods Manifest.lock */ = {
			isa = PBXShellScriptBuildPhase;
			buildActionMask = 2147483647;
			files = (
			);
			inputPaths = (
				"${PODS_PODFILE_DIR_PATH}/Podfile.lock",
				"${PODS_ROOT}/Manifest.lock",
			);
			name = "[CP] Check Pods Manifest.lock";
			outputPaths = (
				"$(DERIVED_FILE_DIR)/Pods-GovernmentTraveller-checkManifestLockResult.txt",
			);
			runOnlyForDeploymentPostprocessing = 0;
			shellPath = /bin/sh;
			shellScript = "diff \"${PODS_PODFILE_DIR_PATH}/Podfile.lock\" \"${PODS_ROOT}/Manifest.lock\" > /dev/null\nif [ $? != 0 ] ; then\n    # print error to STDERR\n    echo \"error: The sandbox is not in sync with the Podfile.lock. Run 'pod install' or update your CocoaPods installation.\" >&2\n    exit 1\nfi\n# This output is used by Xcode 'outputs' to avoid re-running this script phase.\necho \"SUCCESS\" > \"${SCRIPT_OUTPUT_FILE_0}\"\n";
			showEnvVarsInLog = 0;
		};
/* End PBXShellScriptBuildPhase section */

/* Begin PBXSourcesBuildPhase section */
		F678D71920FA551600B2770A /* Sources */ = {
			isa = PBXSourcesBuildPhase;
			buildActionMask = 2147483647;
			files = (
				F678D74320FA599B00B2770A /* GTMenuViewController.swift in Sources */,
				F678D72520FA551700B2770A /* SecondViewController.swift in Sources */,
				F678D72120FA551700B2770A /* AppDelegate.swift in Sources */,
				F678D72320FA551700B2770A /* FirstViewController.swift in Sources */,
			);
			runOnlyForDeploymentPostprocessing = 0;
		};
		F678D72F20FA551A00B2770A /* Sources */ = {
			isa = PBXSourcesBuildPhase;
			buildActionMask = 2147483647;
			files = (
				F678D73820FA551A00B2770A /* GovernmentTravellerTests.swift in Sources */,
			);
			runOnlyForDeploymentPostprocessing = 0;
		};
/* End PBXSourcesBuildPhase section */

/* Begin PBXTargetDependency section */
		F678D73520FA551A00B2770A /* PBXTargetDependency */ = {
			isa = PBXTargetDependency;
			target = F678D71C20FA551600B2770A /* GovernmentTraveller */;
			targetProxy = F678D73420FA551A00B2770A /* PBXContainerItemProxy */;
		};
/* End PBXTargetDependency section */

/* Begin PBXVariantGroup section */
		F678D72620FA551700B2770A /* Main.storyboard */ = {
			isa = PBXVariantGroup;
			children = (
				F678D72720FA551700B2770A /* Base */,
			);
			name = Main.storyboard;
			sourceTree = "<group>";
		};
		F678D72B20FA551A00B2770A /* LaunchScreen.storyboard */ = {
			isa = PBXVariantGroup;
			children = (
				F678D72C20FA551A00B2770A /* Base */,
			);
			name = LaunchScreen.storyboard;
			sourceTree = "<group>";
		};
/* End PBXVariantGroup section */

/* Begin XCBuildConfiguration section */
		F678D73A20FA551A00B2770A /* Debug */ = {
			isa = XCBuildConfiguration;
			buildSettings = {
				ALWAYS_SEARCH_USER_PATHS = NO;
				CLANG_ANALYZER_NONNULL = YES;
				CLANG_ANALYZER_NUMBER_OBJECT_CONVERSION = YES_AGGRESSIVE;
				CLANG_CXX_LANGUAGE_STANDARD = "gnu++14";
				CLANG_CXX_LIBRARY = "libc++";
				CLANG_ENABLE_MODULES = YES;
				CLANG_ENABLE_OBJC_ARC = YES;
				CLANG_ENABLE_OBJC_WEAK = YES;
				CLANG_WARN_BLOCK_CAPTURE_AUTORELEASING = YES;
				CLANG_WARN_BOOL_CONVERSION = YES;
				CLANG_WARN_COMMA = YES;
				CLANG_WARN_CONSTANT_CONVERSION = YES;
				CLANG_WARN_DEPRECATED_OBJC_IMPLEMENTATIONS = YES;
				CLANG_WARN_DIRECT_OBJC_ISA_USAGE = YES_ERROR;
				CLANG_WARN_DOCUMENTATION_COMMENTS = YES;
				CLANG_WARN_EMPTY_BODY = YES;
				CLANG_WARN_ENUM_CONVERSION = YES;
				CLANG_WARN_INFINITE_RECURSION = YES;
				CLANG_WARN_INT_CONVERSION = YES;
				CLANG_WARN_NON_LITERAL_NULL_CONVERSION = YES;
				CLANG_WARN_OBJC_IMPLICIT_RETAIN_SELF = YES;
				CLANG_WARN_OBJC_LITERAL_CONVERSION = YES;
				CLANG_WARN_OBJC_ROOT_CLASS = YES_ERROR;
				CLANG_WARN_RANGE_LOOP_ANALYSIS = YES;
				CLANG_WARN_STRICT_PROTOTYPES = YES;
				CLANG_WARN_SUSPICIOUS_MOVE = YES;
				CLANG_WARN_UNGUARDED_AVAILABILITY = YES_AGGRESSIVE;
				CLANG_WARN_UNREACHABLE_CODE = YES;
				CLANG_WARN__DUPLICATE_METHOD_MATCH = YES;
				CODE_SIGN_IDENTITY = "iPhone Developer";
				COPY_PHASE_STRIP = NO;
				DEBUG_INFORMATION_FORMAT = dwarf;
				ENABLE_STRICT_OBJC_MSGSEND = YES;
				ENABLE_TESTABILITY = YES;
				GCC_C_LANGUAGE_STANDARD = gnu11;
				GCC_DYNAMIC_NO_PIC = NO;
				GCC_NO_COMMON_BLOCKS = YES;
				GCC_OPTIMIZATION_LEVEL = 0;
				GCC_PREPROCESSOR_DEFINITIONS = (
					"DEBUG=1",
					"$(inherited)",
				);
				GCC_WARN_64_TO_32_BIT_CONVERSION = YES;
				GCC_WARN_ABOUT_RETURN_TYPE = YES_ERROR;
				GCC_WARN_UNDECLARED_SELECTOR = YES;
				GCC_WARN_UNINITIALIZED_AUTOS = YES_AGGRESSIVE;
				GCC_WARN_UNUSED_FUNCTION = YES;
				GCC_WARN_UNUSED_VARIABLE = YES;
				IPHONEOS_DEPLOYMENT_TARGET = 11.4;
				MTL_ENABLE_DEBUG_INFO = YES;
				ONLY_ACTIVE_ARCH = YES;
				SDKROOT = iphoneos;
				SWIFT_ACTIVE_COMPILATION_CONDITIONS = DEBUG;
				SWIFT_OPTIMIZATION_LEVEL = "-Onone";
			};
			name = Debug;
		};
		F678D73B20FA551A00B2770A /* Release */ = {
			isa = XCBuildConfiguration;
			buildSettings = {
				ALWAYS_SEARCH_USER_PATHS = NO;
				CLANG_ANALYZER_NONNULL = YES;
				CLANG_ANALYZER_NUMBER_OBJECT_CONVERSION = YES_AGGRESSIVE;
				CLANG_CXX_LANGUAGE_STANDARD = "gnu++14";
				CLANG_CXX_LIBRARY = "libc++";
				CLANG_ENABLE_MODULES = YES;
				CLANG_ENABLE_OBJC_ARC = YES;
				CLANG_ENABLE_OBJC_WEAK = YES;
				CLANG_WARN_BLOCK_CAPTURE_AUTORELEASING = YES;
				CLANG_WARN_BOOL_CONVERSION = YES;
				CLANG_WARN_COMMA = YES;
				CLANG_WARN_CONSTANT_CONVERSION = YES;
				CLANG_WARN_DEPRECATED_OBJC_IMPLEMENTATIONS = YES;
				CLANG_WARN_DIRECT_OBJC_ISA_USAGE = YES_ERROR;
				CLANG_WARN_DOCUMENTATION_COMMENTS = YES;
				CLANG_WARN_EMPTY_BODY = YES;
				CLANG_WARN_ENUM_CONVERSION = YES;
				CLANG_WARN_INFINITE_RECURSION = YES;
				CLANG_WARN_INT_CONVERSION = YES;
				CLANG_WARN_NON_LITERAL_NULL_CONVERSION = YES;
				CLANG_WARN_OBJC_IMPLICIT_RETAIN_SELF = YES;
				CLANG_WARN_OBJC_LITERAL_CONVERSION = YES;
				CLANG_WARN_OBJC_ROOT_CLASS = YES_ERROR;
				CLANG_WARN_RANGE_LOOP_ANALYSIS = YES;
				CLANG_WARN_STRICT_PROTOTYPES = YES;
				CLANG_WARN_SUSPICIOUS_MOVE = YES;
				CLANG_WARN_UNGUARDED_AVAILABILITY = YES_AGGRESSIVE;
				CLANG_WARN_UNREACHABLE_CODE = YES;
				CLANG_WARN__DUPLICATE_METHOD_MATCH = YES;
				CODE_SIGN_IDENTITY = "iPhone Developer";
				COPY_PHASE_STRIP = NO;
				DEBUG_INFORMATION_FORMAT = "dwarf-with-dsym";
				ENABLE_NS_ASSERTIONS = NO;
				ENABLE_STRICT_OBJC_MSGSEND = YES;
				GCC_C_LANGUAGE_STANDARD = gnu11;
				GCC_NO_COMMON_BLOCKS = YES;
				GCC_WARN_64_TO_32_BIT_CONVERSION = YES;
				GCC_WARN_ABOUT_RETURN_TYPE = YES_ERROR;
				GCC_WARN_UNDECLARED_SELECTOR = YES;
				GCC_WARN_UNINITIALIZED_AUTOS = YES_AGGRESSIVE;
				GCC_WARN_UNUSED_FUNCTION = YES;
				GCC_WARN_UNUSED_VARIABLE = YES;
				IPHONEOS_DEPLOYMENT_TARGET = 11.4;
				MTL_ENABLE_DEBUG_INFO = NO;
				SDKROOT = iphoneos;
				SWIFT_COMPILATION_MODE = wholemodule;
				SWIFT_OPTIMIZATION_LEVEL = "-O";
				VALIDATE_PRODUCT = YES;
			};
			name = Release;
		};
		F678D73D20FA551A00B2770A /* Debug */ = {
			isa = XCBuildConfiguration;
			baseConfigurationReference = 3DC9D3B6FE5CEFEC93979049 /* Pods-GovernmentTraveller.debug.xcconfig */;
			buildSettings = {
				ASSETCATALOG_COMPILER_APPICON_NAME = AppIcon;
				CODE_SIGN_STYLE = Automatic;
				DEVELOPMENT_TEAM = 54363DBF9C;
				INFOPLIST_FILE = GovernmentTraveller/Info.plist;
				LD_RUNPATH_SEARCH_PATHS = (
					"$(inherited)",
					"@executable_path/Frameworks",
				);
				PRODUCT_BUNDLE_IDENTIFIER = com.zeromuwebservices.GovernmentTraveller;
				PRODUCT_NAME = "$(TARGET_NAME)";
				SWIFT_VERSION = 4.0;
				TARGETED_DEVICE_FAMILY = "1,2";
			};
			name = Debug;
		};
		F678D73E20FA551A00B2770A /* Release */ = {
			isa = XCBuildConfiguration;
			baseConfigurationReference = BF15236FD0185862628CE99C /* Pods-GovernmentTraveller.release.xcconfig */;
			buildSettings = {
				ASSETCATALOG_COMPILER_APPICON_NAME = AppIcon;
				CODE_SIGN_STYLE = Automatic;
				DEVELOPMENT_TEAM = 54363DBF9C;
				INFOPLIST_FILE = GovernmentTraveller/Info.plist;
				LD_RUNPATH_SEARCH_PATHS = (
					"$(inherited)",
					"@executable_path/Frameworks",
				);
				PRODUCT_BUNDLE_IDENTIFIER = com.zeromuwebservices.GovernmentTraveller;
				PRODUCT_NAME = "$(TARGET_NAME)";
				SWIFT_VERSION = 4.0;
				TARGETED_DEVICE_FAMILY = "1,2";
			};
			name = Release;
		};
		F678D74020FA551A00B2770A /* Debug */ = {
			isa = XCBuildConfiguration;
			baseConfigurationReference = 9FBDCB16E21EEA5BFC119AF3 /* Pods-GovernmentTravellerTests.debug.xcconfig */;
			buildSettings = {
				ALWAYS_EMBED_SWIFT_STANDARD_LIBRARIES = YES;
				BUNDLE_LOADER = "$(TEST_HOST)";
				CODE_SIGN_STYLE = Automatic;
				DEVELOPMENT_TEAM = 54363DBF9C;
				INFOPLIST_FILE = GovernmentTravellerTests/Info.plist;
				LD_RUNPATH_SEARCH_PATHS = (
					"$(inherited)",
					"@executable_path/Frameworks",
					"@loader_path/Frameworks",
				);
				PRODUCT_BUNDLE_IDENTIFIER = com.zeromuwebservices.GovernmentTravellerTests;
				PRODUCT_NAME = "$(TARGET_NAME)";
				SWIFT_VERSION = 4.0;
				TARGETED_DEVICE_FAMILY = "1,2";
				TEST_HOST = "$(BUILT_PRODUCTS_DIR)/GovernmentTraveller.app/GovernmentTraveller";
			};
			name = Debug;
		};
		F678D74120FA551A00B2770A /* Release */ = {
			isa = XCBuildConfiguration;
			baseConfigurationReference = D9CFFC9A9868B91008746892 /* Pods-GovernmentTravellerTests.release.xcconfig */;
			buildSettings = {
				ALWAYS_EMBED_SWIFT_STANDARD_LIBRARIES = YES;
				BUNDLE_LOADER = "$(TEST_HOST)";
				CODE_SIGN_STYLE = Automatic;
				DEVELOPMENT_TEAM = 54363DBF9C;
				INFOPLIST_FILE = GovernmentTravellerTests/Info.plist;
				LD_RUNPATH_SEARCH_PATHS = (
					"$(inherited)",
					"@executable_path/Frameworks",
					"@loader_path/Frameworks",
				);
				PRODUCT_BUNDLE_IDENTIFIER = com.zeromuwebservices.GovernmentTravellerTests;
				PRODUCT_NAME = "$(TARGET_NAME)";
				SWIFT_VERSION = 4.0;
				TARGETED_DEVICE_FAMILY = "1,2";
				TEST_HOST = "$(BUILT_PRODUCTS_DIR)/GovernmentTraveller.app/GovernmentTraveller";
			};
			name = Release;
		};
/* End XCBuildConfiguration section */

/* Begin XCConfigurationList section */
		F678D71820FA551600B2770A /* Build configuration list for PBXProject "GovernmentTraveller" */ = {
			isa = XCConfigurationList;
			buildConfigurations = (
				F678D73A20FA551A00B2770A /* Debug */,
				F678D73B20FA551A00B2770A /* Release */,
			);
			defaultConfigurationIsVisible = 0;
			defaultConfigurationName = Release;
		};
		F678D73C20FA551A00B2770A /* Build configuration list for PBXNativeTarget "GovernmentTraveller" */ = {
			isa = XCConfigurationList;
			buildConfigurations = (
				F678D73D20FA551A00B2770A /* Debug */,
				F678D73E20FA551A00B2770A /* Release */,
			);
			defaultConfigurationIsVisible = 0;
			defaultConfigurationName = Release;
		};
		F678D73F20FA551A00B2770A /* Build configuration list for PBXNativeTarget "GovernmentTravellerTests" */ = {
			isa = XCConfigurationList;
			buildConfigurations = (
				F678D74020FA551A00B2770A /* Debug */,
				F678D74120FA551A00B2770A /* Release */,
			);
			defaultConfigurationIsVisible = 0;
			defaultConfigurationName = Release;
		};
/* End XCConfigurationList section */
	};
	rootObject = F678D71520FA551600B2770A /* Project object */;
}
